// !$*UTF8*$!
{
	archiveVersion = 1;
	classes = {
	};
	objectVersion = 50;
	objects = {

/* Begin PBXBuildFile section */
		B65B215629DFF507003837C5 /* MemorizeAppApp.swift in Sources */ = {isa = PBXBuildFile; fileRef = B65B215529DFF507003837C5 /* MemorizeAppApp.swift */; };
		B65B215829DFF507003837C5 /* EmojiMemoryGameView.swift in Sources */ = {isa = PBXBuildFile; fileRef = B65B215729DFF507003837C5 /* EmojiMemoryGameView.swift */; };
		B65B215A29DFF50B003837C5 /* Assets.xcassets in Resources */ = {isa = PBXBuildFile; fileRef = B65B215929DFF50B003837C5 /* Assets.xcassets */; };
		B65B215D29DFF50B003837C5 /* Preview Assets.xcassets in Resources */ = {isa = PBXBuildFile; fileRef = B65B215C29DFF50B003837C5 /* Preview Assets.xcassets */; };
		B65B216929E16FB3003837C5 /* MemoryGameModel.swift in Sources */ = {isa = PBXBuildFile; fileRef = B65B216829E16FB3003837C5 /* MemoryGameModel.swift */; };
		B65B216E29E1715C003837C5 /* EmojiMemoryGameVM.swift in Sources */ = {isa = PBXBuildFile; fileRef = B65B216D29E1715C003837C5 /* EmojiMemoryGameVM.swift */; };
		B65B217429E4588B003837C5 /* AspectVGrid.swift in Sources */ = {isa = PBXBuildFile; fileRef = B65B217329E4588A003837C5 /* AspectVGrid.swift */; };
		B65B217729E52814003837C5 /* Pie.swift in Sources */ = {isa = PBXBuildFile; fileRef = B65B217629E52812003837C5 /* Pie.swift */; };
		B65B217A29E549B4003837C5 /* Cardify.swift in Sources */ = {isa = PBXBuildFile; fileRef = B65B217929E549B3003837C5 /* Cardify.swift */; };
/* End PBXBuildFile section */

/* Begin PBXFileReference section */
		B65B215229DFF507003837C5 /* MemorizeApp.app */ = {isa = PBXFileReference; explicitFileType = wrapper.application; includeInIndex = 0; path = MemorizeApp.app; sourceTree = BUILT_PRODUCTS_DIR; };
		B65B215529DFF507003837C5 /* MemorizeAppApp.swift */ = {isa = PBXFileReference; lastKnownFileType = sourcecode.swift; path = MemorizeAppApp.swift; sourceTree = "<group>"; };
		B65B215729DFF507003837C5 /* EmojiMemoryGameView.swift */ = {isa = PBXFileReference; lastKnownFileType = sourcecode.swift; path = EmojiMemoryGameView.swift; sourceTree = "<group>"; };
		B65B215929DFF50B003837C5 /* Assets.xcassets */ = {isa = PBXFileReference; lastKnownFileType = folder.assetcatalog; path = Assets.xcassets; sourceTree = "<group>"; };
		B65B215C29DFF50B003837C5 /* Preview Assets.xcassets */ = {isa = PBXFileReference; lastKnownFileType = folder.assetcatalog; path = "Preview Assets.xcassets"; sourceTree = "<group>"; };
		B65B215E29DFF50B003837C5 /* Info.plist */ = {isa = PBXFileReference; lastKnownFileType = text.plist.xml; path = Info.plist; sourceTree = "<group>"; };
		B65B216829E16FB3003837C5 /* MemoryGameModel.swift */ = {isa = PBXFileReference; lastKnownFileType = sourcecode.swift; path = MemoryGameModel.swift; sourceTree = "<group>"; };
		B65B216D29E1715C003837C5 /* EmojiMemoryGameVM.swift */ = {isa = PBXFileReference; lastKnownFileType = sourcecode.swift; path = EmojiMemoryGameVM.swift; sourceTree = "<group>"; };
		B65B217329E4588A003837C5 /* AspectVGrid.swift */ = {isa = PBXFileReference; lastKnownFileType = sourcecode.swift; path = AspectVGrid.swift; sourceTree = "<group>"; };
		B65B217629E52812003837C5 /* Pie.swift */ = {isa = PBXFileReference; lastKnownFileType = sourcecode.swift; path = Pie.swift; sourceTree = "<group>"; };
		B65B217929E549B3003837C5 /* Cardify.swift */ = {isa = PBXFileReference; lastKnownFileType = sourcecode.swift; path = Cardify.swift; sourceTree = "<group>"; };
/* End PBXFileReference section */

/* Begin PBXFrameworksBuildPhase section */
		B65B214F29DFF507003837C5 /* Frameworks */ = {
			isa = PBXFrameworksBuildPhase;
			buildActionMask = 2147483647;
			files = (
			);
			runOnlyForDeploymentPostprocessing = 0;
		};
/* End PBXFrameworksBuildPhase section */

/* Begin PBXGroup section */
		B65B214929DFF507003837C5 = {
			isa = PBXGroup;
			children = (
				B65B215429DFF507003837C5 /* MemorizeApp */,
				B65B215329DFF507003837C5 /* Products */,
			);
			sourceTree = "<group>";
		};
		B65B215329DFF507003837C5 /* Products */ = {
			isa = PBXGroup;
			children = (
				B65B215229DFF507003837C5 /* MemorizeApp.app */,
			);
			name = Products;
			sourceTree = "<group>";
		};
		B65B215429DFF507003837C5 /* MemorizeApp */ = {
			isa = PBXGroup;
			children = (
				B65B216829E16FB3003837C5 /* MemoryGameModel.swift */,
				B65B216D29E1715C003837C5 /* EmojiMemoryGameVM.swift */,
				B65B215529DFF507003837C5 /* MemorizeAppApp.swift */,
				B65B215729DFF507003837C5 /* EmojiMemoryGameView.swift */,
				B65B217629E52812003837C5 /* Pie.swift */,
				B65B217929E549B3003837C5 /* Cardify.swift */,
				B65B217329E4588A003837C5 /* AspectVGrid.swift */,
				B65B215929DFF50B003837C5 /* Assets.xcassets */,
				B65B215E29DFF50B003837C5 /* Info.plist */,
				B65B215B29DFF50B003837C5 /* Preview Content */,
			);
			path = MemorizeApp;
			sourceTree = "<group>";
		};
		B65B215B29DFF50B003837C5 /* Preview Content */ = {
			isa = PBXGroup;
			children = (
				B65B215C29DFF50B003837C5 /* Preview Assets.xcassets */,
			);
			path = "Preview Content";
			sourceTree = "<group>";
		};
/* End PBXGroup section */

/* Begin PBXNativeTarget section */
		B65B215129DFF507003837C5 /* MemorizeApp */ = {
			isa = PBXNativeTarget;
			buildConfigurationList = B65B216129DFF50B003837C5 /* Build configuration list for PBXNativeTarget "MemorizeApp" */;
			buildPhases = (
				B65B214E29DFF507003837C5 /* Sources */,
				B65B214F29DFF507003837C5 /* Frameworks */,
				B65B215029DFF507003837C5 /* Resources */,
			);
			buildRules = (
			);
			dependencies = (
			);
			name = MemorizeApp;
			productName = MemorizeApp;
			productReference = B65B215229DFF507003837C5 /* MemorizeApp.app */;
			productType = "com.apple.product-type.application";
		};
/* End PBXNativeTarget section */

/* Begin PBXProject section */
		B65B214A29DFF507003837C5 /* Project object */ = {
			isa = PBXProject;
			attributes = {
				LastSwiftUpdateCheck = 1240;
				LastUpgradeCheck = 1240;
				TargetAttributes = {
					B65B215129DFF507003837C5 = {
						CreatedOnToolsVersion = 12.4;
					};
				};
			};
			buildConfigurationList = B65B214D29DFF507003837C5 /* Build configuration list for PBXProject "MemorizeApp" */;
			compatibilityVersion = "Xcode 9.3";
			developmentRegion = en;
			hasScannedForEncodings = 0;
			knownRegions = (
				en,
				Base,
			);
			mainGroup = B65B214929DFF507003837C5;
			productRefGroup = B65B215329DFF507003837C5 /* Products */;
			projectDirPath = "";
			projectRoot = "";
			targets = (
				B65B215129DFF507003837C5 /* MemorizeApp */,
			);
		};
/* End PBXProject section */

/* Begin PBXResourcesBuildPhase section */
		B65B215029DFF507003837C5 /* Resources */ = {
			isa = PBXResourcesBuildPhase;
			buildActionMask = 2147483647;
			files = (
				B65B215D29DFF50B003837C5 /* Preview Assets.xcassets in Resources */,
				B65B215A29DFF50B003837C5 /* Assets.xcassets in Resources */,
			);
			runOnlyForDeploymentPostprocessing = 0;
		};
/* End PBXResourcesBuildPhase section */

/* Begin PBXSourcesBuildPhase section */
		B65B214E29DFF507003837C5 /* Sources */ = {
			isa = PBXSourcesBuildPhase;
			buildActionMask = 2147483647;
			files = (
				B65B217729E52814003837C5 /* Pie.swift in Sources */,
				B65B217A29E549B4003837C5 /* Cardify.swift in Sources */,
				B65B216E29E1715C003837C5 /* EmojiMemoryGameVM.swift in Sources */,
				B65B215829DFF507003837C5 /* EmojiMemoryGameView.swift in Sources */,
				B65B215629DFF507003837C5 /* MemorizeAppApp.swift in Sources */,
				B65B217429E4588B003837C5 /* AspectVGrid.swift in Sources */,
				B65B216929E16FB3003837C5 /* MemoryGameModel.swift in Sources */,
			);
			runOnlyForDeploymentPostprocessing = 0;
		};
/* End PBXSourcesBuildPhase section */

/* Begin XCBuildConfiguration section */
		B65B215F29DFF50B003837C5 /* Debug */ = {
			isa = XCBuildConfiguration;
			buildSettings = {
				ALWAYS_SEARCH_USER_PATHS = NO;
				CLANG_ANALYZER_NONNULL = YES;
				CLANG_ANALYZER_NUMBER_OBJECT_CONVERSION = YES_AGGRESSIVE;
				CLANG_CXX_LANGUAGE_STANDARD = "gnu++14";
				CLANG_CXX_LIBRARY = "libc++";
				CLANG_ENABLE_MODULES = YES;
				CLANG_ENABLE_OBJC_ARC = YES;
				CLANG_ENABLE_OBJC_WEAK = YES;
				CLANG_WARN_BLOCK_CAPTURE_AUTORELEASING = YES;
				CLANG_WARN_BOOL_CONVERSION = YES;
				CLANG_WARN_COMMA = YES;
				CLANG_WARN_CONSTANT_CONVERSION = YES;
				CLANG_WARN_DEPRECATED_OBJC_IMPLEMENTATIONS = YES;
				CLANG_WARN_DIRECT_OBJC_ISA_USAGE = YES_ERROR;
				CLANG_WARN_DOCUMENTATION_COMMENTS = YES;
				CLANG_WARN_EMPTY_BODY = YES;
				CLANG_WARN_ENUM_CONVERSION = YES;
				CLANG_WARN_INFINITE_RECURSION = YES;
				CLANG_WARN_INT_CONVERSION = YES;
				CLANG_WARN_NON_LITERAL_NULL_CONVERSION = YES;
				CLANG_WARN_OBJC_IMPLICIT_RETAIN_SELF = YES;
				CLANG_WARN_OBJC_LITERAL_CONVERSION = YES;
				CLANG_WARN_OBJC_ROOT_CLASS = YES_ERROR;
				CLANG_WARN_QUOTED_INCLUDE_IN_FRAMEWORK_HEADER = YES;
				CLANG_WARN_RANGE_LOOP_ANALYSIS = YES;
				CLANG_WARN_STRICT_PROTOTYPES = YES;
				CLANG_WARN_SUSPICIOUS_MOVE = YES;
				CLANG_WARN_UNGUARDED_AVAILABILITY = YES_AGGRESSIVE;
				CLANG_WARN_UNREACHABLE_CODE = YES;
				CLANG_WARN__DUPLICATE_METHOD_MATCH = YES;
				COPY_PHASE_STRIP = NO;
				DEBUG_INFORMATION_FORMAT = dwarf;
				ENABLE_STRICT_OBJC_MSGSEND = YES;
				ENABLE_TESTABILITY = YES;
				GCC_C_LANGUAGE_STANDARD = gnu11;
				GCC_DYNAMIC_NO_PIC = NO;
				GCC_NO_COMMON_BLOCKS = YES;
				GCC_OPTIMIZATION_LEVEL = 0;
				GCC_PREPROCESSOR_DEFINITIONS = (
					"DEBUG=1",
					"$(inherited)",
				);
				GCC_WARN_64_TO_32_BIT_CONVERSION = YES;
				GCC_WARN_ABOUT_RETURN_TYPE = YES_ERROR;
				GCC_WARN_UNDECLARED_SELECTOR = YES;
				GCC_WARN_UNINITIALIZED_AUTOS = YES_AGGRESSIVE;
				GCC_WARN_UNUSED_FUNCTION = YES;
				GCC_WARN_UNUSED_VARIABLE = YES;
				IPHONEOS_DEPLOYMENT_TARGET = 14.4;
				MTL_ENABLE_DEBUG_INFO = INCLUDE_SOURCE;
				MTL_FAST_MATH = YES;
				ONLY_ACTIVE_ARCH = YES;
				SDKROOT = iphoneos;
				SWIFT_ACTIVE_COMPILATION_CONDITIONS = DEBUG;
				SWIFT_OPTIMIZATION_LEVEL = "-Onone";
			};
			name = Debug;
		};
		B65B216029DFF50B003837C5 /* Release */ = {
			isa = XCBuildConfiguration;
			buildSettings = {
				ALWAYS_SEARCH_USER_PATHS = NO;
				CLANG_ANALYZER_NONNULL = YES;
				CLANG_ANALYZER_NUMBER_OBJECT_CONVERSION = YES_AGGRESSIVE;
				CLANG_CXX_LANGUAGE_STANDARD = "gnu++14";
				CLANG_CXX_LIBRARY = "libc++";
				CLANG_ENABLE_MODULES = YES;
				CLANG_ENABLE_OBJC_ARC = YES;
				CLANG_ENABLE_OBJC_WEAK = YES;
				CLANG_WARN_BLOCK_CAPTURE_AUTORELEASING = YES;
				CLANG_WARN_BOOL_CONVERSION = YES;
				CLANG_WARN_COMMA = YES;
				CLANG_WARN_CONSTANT_CONVERSION = YES;
				CLANG_WARN_DEPRECATED_OBJC_IMPLEMENTATIONS = YES;
				CLANG_WARN_DIRECT_OBJC_ISA_USAGE = YES_ERROR;
				CLANG_WARN_DOCUMENTATION_COMMENTS = YES;
				CLANG_WARN_EMPTY_BODY = YES;
				CLANG_WARN_ENUM_CONVERSION = YES;
				CLANG_WARN_INFINITE_RECURSION = YES;
				CLANG_WARN_INT_CONVERSION = YES;
				CLANG_WARN_NON_LITERAL_NULL_CONVERSION = YES;
				CLANG_WARN_OBJC_IMPLICIT_RETAIN_SELF = YES;
				CLANG_WARN_OBJC_LITERAL_CONVERSION = YES;
				CLANG_WARN_OBJC_ROOT_CLASS = YES_ERROR;
				CLANG_WARN_QUOTED_INCLUDE_IN_FRAMEWORK_HEADER = YES;
				CLANG_WARN_RANGE_LOOP_ANALYSIS = YES;
				CLANG_WARN_STRICT_PROTOTYPES = YES;
				CLANG_WARN_SUSPICIOUS_MOVE = YES;
				CLANG_WARN_UNGUARDED_AVAILABILITY = YES_AGGRESSIVE;
				CLANG_WARN_UNREACHABLE_CODE = YES;
				CLANG_WARN__DUPLICATE_METHOD_MATCH = YES;
				COPY_PHASE_STRIP = NO;
				DEBUG_INFORMATION_FORMAT = "dwarf-with-dsym";
				ENABLE_NS_ASSERTIONS = NO;
				ENABLE_STRICT_OBJC_MSGSEND = YES;
				GCC_C_LANGUAGE_STANDARD = gnu11;
				GCC_NO_COMMON_BLOCKS = YES;
				GCC_WARN_64_TO_32_BIT_CONVERSION = YES;
				GCC_WARN_ABOUT_RETURN_TYPE = YES_ERROR;
				GCC_WARN_UNDECLARED_SELECTOR = YES;
				GCC_WARN_UNINITIALIZED_AUTOS = YES_AGGRESSIVE;
				GCC_WARN_UNUSED_FUNCTION = YES;
				GCC_WARN_UNUSED_VARIABLE = YES;
				IPHONEOS_DEPLOYMENT_TARGET = 14.4;
				MTL_ENABLE_DEBUG_INFO = NO;
				MTL_FAST_MATH = YES;
				SDKROOT = iphoneos;
				SWIFT_COMPILATION_MODE = wholemodule;
				SWIFT_OPTIMIZATION_LEVEL = "-O";
				VALIDATE_PRODUCT = YES;
			};
			name = Release;
		};
		B65B216229DFF50B003837C5 /* Debug */ = {
			isa = XCBuildConfiguration;
			buildSettings = {
				ASSETCATALOG_COMPILER_APPICON_NAME = AppIcon;
				ASSETCATALOG_COMPILER_GLOBAL_ACCENT_COLOR_NAME = AccentColor;
				CODE_SIGN_STYLE = Automatic;
				DEVELOPMENT_ASSET_PATHS = "\"MemorizeApp/Preview Content\"";
				ENABLE_PREVIEWS = YES;
				INFOPLIST_FILE = MemorizeApp/Info.plist;
				IPHONEOS_DEPLOYMENT_TARGET = 14.0;
				LD_RUNPATH_SEARCH_PATHS = (
					"$(inherited)",
					"@executable_path/Frameworks",
				);
				PRODUCT_BUNDLE_IDENTIFIER = com.zeeshan.samples.MemorizeApp;
				PRODUCT_NAME = "$(TARGET_NAME)";
				SWIFT_VERSION = 5.0;
				TARGETED_DEVICE_FAMILY = "1,2";
			};
			name = Debug;
		};
		B65B216329DFF50B003837C5 /* Release */ = {
			isa = XCBuildConfiguration;
			buildSettings = {
				ASSETCATALOG_COMPILER_APPICON_NAME = AppIcon;
				ASSETCATALOG_COMPILER_GLOBAL_ACCENT_COLOR_NAME = AccentColor;
				CODE_SIGN_STYLE = Automatic;
				DEVELOPMENT_ASSET_PATHS = "\"MemorizeApp/Preview Content\"";
				ENABLE_PREVIEWS = YES;
				INFOPLIST_FILE = MemorizeApp/Info.plist;
				IPHONEOS_DEPLOYMENT_TARGET = 14.0;
				LD_RUNPATH_SEARCH_PATHS = (
					"$(inherited)",
					"@executable_path/Frameworks",
				);
				PRODUCT_BUNDLE_IDENTIFIER = com.zeeshan.samples.MemorizeApp;
				PRODUCT_NAME = "$(TARGET_NAME)";
				SWIFT_VERSION = 5.0;
				TARGETED_DEVICE_FAMILY = "1,2";
			};
			name = Release;
		};
/* End XCBuildConfiguration section */

/* Begin XCConfigurationList section */
		B65B214D29DFF507003837C5 /* Build configuration list for PBXProject "MemorizeApp" */ = {
			isa = XCConfigurationList;
			buildConfigurations = (
				B65B215F29DFF50B003837C5 /* Debug */,
				B65B216029DFF50B003837C5 /* Release */,
			);
			defaultConfigurationIsVisible = 0;
			defaultConfigurationName = Release;
		};
		B65B216129DFF50B003837C5 /* Build configuration list for PBXNativeTarget "MemorizeApp" */ = {
			isa = XCConfigurationList;
			buildConfigurations = (
				B65B216229DFF50B003837C5 /* Debug */,
				B65B216329DFF50B003837C5 /* Release */,
			);
			defaultConfigurationIsVisible = 0;
			defaultConfigurationName = Release;
		};
/* End XCConfigurationList section */
	};
	rootObject = B65B214A29DFF507003837C5 /* Project object */;
}
